
Microsoft Visual Studio Solution File, Format Version 12.00
# Visual Studio Version 16
VisualStudioVersion = 16.0.31105.61
MinimumVisualStudioVersion = 10.0.40219.1
Project("{8BC9CEB8-8B4A-11D0-8D11-00A0C91BC942}") = "CNAMProject", "CNAMProject\CNAMProject.vcxproj", "{BBF9EB3E-7552-4F8E-BEA4-049AA1CECD36}"
EndProject
Global
	GlobalSection(SolutionConfigurationPlatforms) = preSolution
		Debug|x64 = Debug|x64
		Debug|x86 = Debug|x86
		Release|x64 = Release|x64
		Release|x86 = Release|x86
	EndGlobalSection
	GlobalSection(ProjectConfigurationPlatforms) = postSolution
		{BBF9EB3E-7552-4F8E-BEA4-049AA1CECD36}.Debug|x64.ActiveCfg = Debug|x64
		{BBF9EB3E-7552-4F8E-BEA4-049AA1CECD36}.Debug|x64.Build.0 = Debug|x64
		{BBF9EB3E-7552-4F8E-BEA4-049AA1CECD36}.Debug|x86.ActiveCfg = Debug|Win32
		{BBF9EB3E-7552-4F8E-BEA4-049AA1CECD36}.Debug|x86.Build.0 = Debug|Win32
		{BBF9EB3E-7552-4F8E-BEA4-049AA1CECD36}.Release|x64.ActiveCfg = Release|x64
		{BBF9EB3E-7552-4F8E-BEA4-049AA1CECD36}.Release|x64.Build.0 = Release|x64
		{BBF9EB3E-7552-4F8E-BEA4-049AA1CECD36}.Release|x86.ActiveCfg = Release|Win32
		{BBF9EB3E-7552-4F8E-BEA4-049AA1CECD36}.Release|x86.Build.0 = Release|Win32
	EndGlobalSection
	GlobalSection(SolutionProperties) = preSolution
		HideSolutionNode = FALSE
	EndGlobalSection
	GlobalSection(ExtensibilityGlobals) = postSolution
		SolutionGuid = {4121D1D7-7B31-4D51-AA9B-E2266A93CE54}
	EndGlobalSection
EndGlobal
